<?xml version="1.0" encoding="utf-8"?>
<Project ToolsVersion="4.0" xmlns="http://schemas.microsoft.com/developer/msbuild/2003">
  <ItemGroup>
    <Filter Include="Source Files">
      <UniqueIdentifier>{4FC737F1-C7A5-4376-A066-2A32D752A2FF}</UniqueIdentifier>
      <Extensions>cpp;c;cc;cxx;def;odl;idl;hpj;bat;asm;asmx</Extensions>
    </Filter>
    <Filter Include="Header Files">
      <UniqueIdentifier>{93995380-89BD-4b04-88EB-625FBE52EBFB}</UniqueIdentifier>
      <Extensions>h;hh;hpp;hxx;hm;inl;inc;xsd</Extensions>
    </Filter>
    <Filter Include="Resource Files">
      <UniqueIdentifier>{67DA6AB6-F800-4c08-8B7A-83BB121AAD01}</UniqueIdentifier>
      <Extensions>rc;ico;cur;bmp;dlg;rc2;rct;bin;rgs;gif;jpg;jpeg;jpe;resx;tiff;tif;png;wav;mfcribbon-ms</Extensions>
    </Filter>
  </ItemGroup>
  <ItemGroup>
    <ClCompile Include="glad.c">
      <Filter>Source Files</Filter>
    </ClCompile>
    <ClCompile Include="StbImage.c">
      <Filter>Source Files</Filter>
    </ClCompile>
    <ClCompile Include="Character.cpp">
      <Filter>Source Files</Filter>
    </ClCompile>
    <ClCompile Include="Display.cpp">
      <Filter>Source Files</Filter>
    </ClCompile>
    <ClCompile Include="DrawableObj.cpp">
      <Filter>Source Files</Filter>
    </ClCompile>
    <ClCompile Include="GameMap.cpp">
      <Filter>Source Files</Filter>
    </ClCompile>
    <ClCompile Include="Mesh.cpp">
      <Filter>Source Files</Filter>
    </ClCompile>
    <ClCompile Include="ObjLoader.cpp">
      <Filter>Source Files</Filter>
    </ClCompile>
    <ClCompile Include="Observer.cpp">
      <Filter>Source Files</Filter>
    </ClCompile>
    <ClCompile Include="Shader.cpp">
      <Filter>Source Files</Filter>
    </ClCompile>
    <ClCompile Include="Texture.cpp">
      <Filter>Source Files</Filter>
    </ClCompile>
    <ClCompile Include="Tile.cpp">
      <Filter>Source Files</Filter>
    </ClCompile>
    <ClCompile Include="TiledGameBoard.cpp">
      <Filter>Source Files</Filter>
    </ClCompile>
    <ClCompile Include="Viewport.cpp">
      <Filter>Source Files</Filter>
    </ClCompile>
    <ClCompile Include="WindowSection.cpp">
      <Filter>Source Files</Filter>
    </ClCompile>
    <ClCompile Include="FightScreen.cpp">
      <Filter>Source Files</Filter>
    </ClCompile>
  </ItemGroup>
  <ItemGroup>
    <ClInclude Include="..\include\utils\Camera.h">
      <Filter>Header Files</Filter>
    </ClInclude>
    <ClInclude Include="..\include\utils\Character.h">
      <Filter>Header Files</Filter>
    </ClInclude>
    <ClInclude Include="..\include\utils\CharMotion.h">
      <Filter>Header Files</Filter>
    </ClInclude>
    <ClInclude Include="..\include\utils\Display.h">
      <Filter>Header Files</Filter>
    </ClInclude>
    <ClInclude Include="..\include\utils\DrawableObj.h">
      <Filter>Header Files</Filter>
    </ClInclude>
    <ClInclude Include="..\include\utils\GameMap.h">
      <Filter>Header Files</Filter>
    </ClInclude>
    <ClInclude Include="..\include\utils\linmath.h">
      <Filter>Header Files</Filter>
    </ClInclude>
    <ClInclude Include="..\include\utils\Math3d.h">
      <Filter>Header Files</Filter>
    </ClInclude>
    <ClInclude Include="..\include\utils\Mesh.h">
      <Filter>Header Files</Filter>
    </ClInclude>
    <ClInclude Include="..\include\utils\ObjLoader.h">
      <Filter>Header Files</Filter>
    </ClInclude>
    <ClInclude Include="..\include\utils\Observer.h">
      <Filter>Header Files</Filter>
    </ClInclude>
    <ClInclude Include="..\include\utils\RGB.h">
      <Filter>Header Files</Filter>
    </ClInclude>
    <ClInclude Include="..\include\utils\Shader.h">
      <Filter>Header Files</Filter>
    </ClInclude>
    <ClInclude Include="..\include\utils\StbImage.h">
      <Filter>Header Files</Filter>
    </ClInclude>
    <ClInclude Include="..\include\utils\Texture.h">
      <Filter>Header Files</Filter>
    </ClInclude>
    <ClInclude Include="..\include\utils\Tile.h">
      <Filter>Header Files</Filter>
    </ClInclude>
    <ClInclude Include="..\include\utils\TiledGameBoard.h">
      <Filter>Header Files</Filter>
    </ClInclude>
    <ClInclude Include="..\include\utils\Transform.h">
      <Filter>Header Files</Filter>
    </ClInclude>
    <ClInclude Include="..\include\utils\Util.h">
      <Filter>Header Files</Filter>
    </ClInclude>
    <ClInclude Include="..\include\utils\Viewport.h">
      <Filter>Header Files</Filter>
    </ClInclude>
    <ClInclude Include="..\include\utils\WindowSection.h">
      <Filter>Header Files</Filter>
    </ClInclude>
    <ClInclude Include="..\include\utils\TileType.h">
      <Filter>Header Files</Filter>
    </ClInclude>
    <ClInclude Include="..\include\utils\FightScreen.h">
      <Filter>Header Files</Filter>
    </ClInclude>
  </ItemGroup>
  <ItemGroup>
    <None Include="..\res\map.csv">
      <Filter>Resource Files</Filter>
    </None>
    <None Include="..\res\basicShader.fs">
      <Filter>Resource Files</Filter>
    </None>
    <None Include="..\res\basicShader.vs">
      <Filter>Resource Files</Filter>
    </None>
  </ItemGroup>
</Project>